
Microsoft Visual Studio Solution File, Format Version 11.00
# Visual Studio 2010
Project("{FAE04EC0-301F-11D3-BF4B-00C04F79EFBC}") = "OpenTop.Service", "OpenTop.Service\OpenTop.Service.csproj", "{A0B36DBE-A32E-48B9-B8C6-B54192C6E395}"
EndProject
Global
	GlobalSection(SolutionConfigurationPlatforms) = preSolution
		Debug|x86 = Debug|x86
		Release|x86 = Release|x86
	EndGlobalSection
	GlobalSection(ProjectConfigurationPlatforms) = postSolution
		{A0B36DBE-A32E-48B9-B8C6-B54192C6E395}.Debug|x86.ActiveCfg = Debug|x86
		{A0B36DBE-A32E-48B9-B8C6-B54192C6E395}.Debug|x86.Build.0 = Debug|x86
		{A0B36DBE-A32E-48B9-B8C6-B54192C6E395}.Release|x86.ActiveCfg = Release|x86
		{A0B36DBE-A32E-48B9-B8C6-B54192C6E395}.Release|x86.Build.0 = Release|x86
	EndGlobalSection
	GlobalSection(SolutionProperties) = preSolution
		HideSolutionNode = FALSE
	EndGlobalSection
EndGlobal
